
Microsoft Visual Studio Solution File, Format Version 12.00
# Visual Studio 15
VisualStudioVersion = 15.0.27428.2002
MinimumVisualStudioVersion = 10.0.40219.1
Project("{FAE04EC0-301F-11D3-BF4B-00C04F79EFBC}") = "Futa Converter", "Futa Converter\Futa Converter.csproj", "{2F83AEDB-EF8D-47B3-97C7-104CE26AD7C6}"
EndProject
Global
	GlobalSection(SolutionConfigurationPlatforms) = preSolution
		Debug|Any CPU = Debug|Any CPU
		Release|Any CPU = Release|Any CPU
	EndGlobalSection
	GlobalSection(ProjectConfigurationPlatforms) = postSolution
		{2F83AEDB-EF8D-47B3-97C7-104CE26AD7C6}.Debug|Any CPU.ActiveCfg = Debug|Any CPU
		{2F83AEDB-EF8D-47B3-97C7-104CE26AD7C6}.Debug|Any CPU.Build.0 = Debug|Any CPU
		{2F83AEDB-EF8D-47B3-97C7-104CE26AD7C6}.Release|Any CPU.ActiveCfg = Release|Any CPU
		{2F83AEDB-EF8D-47B3-97C7-104CE26AD7C6}.Release|Any CPU.Build.0 = Release|Any CPU
	EndGlobalSection
	GlobalSection(SolutionProperties) = preSolution
		HideSolutionNode = FALSE
	EndGlobalSection
	GlobalSection(ExtensibilityGlobals) = postSolution
		SolutionGuid = {FC056A64-6C40-4DF5-B205-012AA2C125E3}
	EndGlobalSection
EndGlobal
